
Microsoft Visual Studio Solution File, Format Version 12.00
# Visual Studio Version 16
VisualStudioVersion = 16.0.29806.167
MinimumVisualStudioVersion = 10.0.40219.1
Project("{9A19103F-16F7-4668-BE54-9A1E7A4F7556}") = "XFTest", "XFTest\XFTest.csproj", "{08291550-8040-4A74-932D-4056718F6DD3}"
EndProject
Project("{FAE04EC0-301F-11D3-BF4B-00C04F79EFBC}") = "XFTest.Android", "XFTest.Android\XFTest.Android.csproj", "{5FB6425D-36D6-4EE8-9634-570FAE5CD4A0}"
EndProject
Project("{FAE04EC0-301F-11D3-BF4B-00C04F79EFBC}") = "XFTest.iOS", "XFTest.iOS\XFTest.iOS.csproj", "{CC4711F5-FAE9-498D-B26B-C7C2B7087564}"
EndProject
Global
	GlobalSection(SolutionConfigurationPlatforms) = preSolution
		Ad-Hoc|Any CPU = Ad-Hoc|Any CPU
		Ad-Hoc|iPhone = Ad-Hoc|iPhone
		Ad-Hoc|iPhoneSimulator = Ad-Hoc|iPhoneSimulator
		AppStore|Any CPU = AppStore|Any CPU
		AppStore|iPhone = AppStore|iPhone
		AppStore|iPhoneSimulator = AppStore|iPhoneSimulator
		Debug|Any CPU = Debug|Any CPU
		Debug|iPhone = Debug|iPhone
		Debug|iPhoneSimulator = Debug|iPhoneSimulator
		Release|Any CPU = Release|Any CPU
		Release|iPhone = Release|iPhone
		Release|iPhoneSimulator = Release|iPhoneSimulator
	EndGlobalSection
	GlobalSection(ProjectConfigurationPlatforms) = postSolution
		{08291550-8040-4A74-932D-4056718F6DD3}.Ad-Hoc|Any CPU.ActiveCfg = Debug|Any CPU
		{08291550-8040-4A74-932D-4056718F6DD3}.Ad-Hoc|Any CPU.Build.0 = Debug|Any CPU
		{08291550-8040-4A74-932D-4056718F6DD3}.Ad-Hoc|iPhone.ActiveCfg = Debug|Any CPU
		{08291550-8040-4A74-932D-4056718F6DD3}.Ad-Hoc|iPhone.Build.0 = Debug|Any CPU
		{08291550-8040-4A74-932D-4056718F6DD3}.Ad-Hoc|iPhoneSimulator.ActiveCfg = Debug|Any CPU
		{08291550-8040-4A74-932D-4056718F6DD3}.Ad-Hoc|iPhoneSimulator.Build.0 = Debug|Any CPU
		{08291550-8040-4A74-932D-4056718F6DD3}.AppStore|Any CPU.ActiveCfg = Debug|Any CPU
		{08291550-8040-4A74-932D-4056718F6DD3}.AppStore|Any CPU.Build.0 = Debug|Any CPU
		{08291550-8040-4A74-932D-4056718F6DD3}.AppStore|iPhone.ActiveCfg = Debug|Any CPU
		{08291550-8040-4A74-932D-4056718F6DD3}.AppStore|iPhone.Build.0 = Debug|Any CPU
		{08291550-8040-4A74-932D-4056718F6DD3}.AppStore|iPhoneSimulator.ActiveCfg = Debug|Any CPU
		{08291550-8040-4A74-932D-4056718F6DD3}.AppStore|iPhoneSimulator.Build.0 = Debug|Any CPU
		{08291550-8040-4A74-932D-4056718F6DD3}.Debug|Any CPU.ActiveCfg = Debug|Any CPU
		{08291550-8040-4A74-932D-4056718F6DD3}.Debug|Any CPU.Build.0 = Debug|Any CPU
		{08291550-8040-4A74-932D-4056718F6DD3}.Debug|iPhone.ActiveCfg = Debug|Any CPU
		{08291550-8040-4A74-932D-4056718F6DD3}.Debug|iPhone.Build.0 = Debug|Any CPU
		{08291550-8040-4A74-932D-4056718F6DD3}.Debug|iPhoneSimulator.ActiveCfg = Debug|Any CPU
		{08291550-8040-4A74-932D-4056718F6DD3}.Debug|iPhoneSimulator.Build.0 = Debug|Any CPU
		{08291550-8040-4A74-932D-4056718F6DD3}.Release|Any CPU.ActiveCfg = Release|Any CPU
		{08291550-8040-4A74-932D-4056718F6DD3}.Release|Any CPU.Build.0 = Release|Any CPU
		{08291550-8040-4A74-932D-4056718F6DD3}.Release|iPhone.ActiveCfg = Release|Any CPU
		{08291550-8040-4A74-932D-4056718F6DD3}.Release|iPhone.Build.0 = Release|Any CPU
		{08291550-8040-4A74-932D-4056718F6DD3}.Release|iPhoneSimulator.ActiveCfg = Release|Any CPU
		{08291550-8040-4A74-932D-4056718F6DD3}.Release|iPhoneSimulator.Build.0 = Release|Any CPU
		{5FB6425D-36D6-4EE8-9634-570FAE5CD4A0}.Ad-Hoc|Any CPU.ActiveCfg = Release|Any CPU
		{5FB6425D-36D6-4EE8-9634-570FAE5CD4A0}.Ad-Hoc|Any CPU.Build.0 = Release|Any CPU
		{5FB6425D-36D6-4EE8-9634-570FAE5CD4A0}.Ad-Hoc|Any CPU.Deploy.0 = Release|Any CPU
		{5FB6425D-36D6-4EE8-9634-570FAE5CD4A0}.Ad-Hoc|iPhone.ActiveCfg = Release|Any CPU
		{5FB6425D-36D6-4EE8-9634-570FAE5CD4A0}.Ad-Hoc|iPhone.Build.0 = Release|Any CPU
		{5FB6425D-36D6-4EE8-9634-570FAE5CD4A0}.Ad-Hoc|iPhone.Deploy.0 = Release|Any CPU
		{5FB6425D-36D6-4EE8-9634-570FAE5CD4A0}.Ad-Hoc|iPhoneSimulator.ActiveCfg = Release|Any CPU
		{5FB6425D-36D6-4EE8-9634-570FAE5CD4A0}.Ad-Hoc|iPhoneSimulator.Build.0 = Release|Any CPU
		{5FB6425D-36D6-4EE8-9634-570FAE5CD4A0}.Ad-Hoc|iPhoneSimulator.Deploy.0 = Release|Any CPU
		{5FB6425D-36D6-4EE8-9634-570FAE5CD4A0}.AppStore|Any CPU.ActiveCfg = Release|Any CPU
		{5FB6425D-36D6-4EE8-9634-570FAE5CD4A0}.AppStore|Any CPU.Build.0 = Release|Any CPU
		{5FB6425D-36D6-4EE8-9634-570FAE5CD4A0}.AppStore|Any CPU.Deploy.0 = Release|Any CPU
		{5FB6425D-36D6-4EE8-9634-570FAE5CD4A0}.AppStore|iPhone.ActiveCfg = Release|Any CPU
		{5FB6425D-36D6-4EE8-9634-570FAE5CD4A0}.AppStore|iPhone.Build.0 = Release|Any CPU
		{5FB6425D-36D6-4EE8-9634-570FAE5CD4A0}.AppStore|iPhone.Deploy.0 = Release|Any CPU
		{5FB6425D-36D6-4EE8-9634-570FAE5CD4A0}.AppStore|iPhoneSimulator.ActiveCfg = Release|Any CPU
		{5FB6425D-36D6-4EE8-9634-570FAE5CD4A0}.AppStore|iPhoneSimulator.Build.0 = Release|Any CPU
		{5FB6425D-36D6-4EE8-9634-570FAE5CD4A0}.AppStore|iPhoneSimulator.Deploy.0 = Release|Any CPU
		{5FB6425D-36D6-4EE8-9634-570FAE5CD4A0}.Debug|Any CPU.ActiveCfg = Debug|Any CPU
		{5FB6425D-36D6-4EE8-9634-570FAE5CD4A0}.Debug|Any CPU.Build.0 = Debug|Any CPU
		{5FB6425D-36D6-4EE8-9634-570FAE5CD4A0}.Debug|Any CPU.Deploy.0 = Debug|Any CPU
		{5FB6425D-36D6-4EE8-9634-570FAE5CD4A0}.Debug|iPhone.ActiveCfg = Debug|Any CPU
		{5FB6425D-36D6-4EE8-9634-570FAE5CD4A0}.Debug|iPhone.Build.0 = Debug|Any CPU
		{5FB6425D-36D6-4EE8-9634-570FAE5CD4A0}.Debug|iPhone.Deploy.0 = Debug|Any CPU
		{5FB6425D-36D6-4EE8-9634-570FAE5CD4A0}.Debug|iPhoneSimulator.ActiveCfg = Debug|Any CPU
		{5FB6425D-36D6-4EE8-9634-570FAE5CD4A0}.Debug|iPhoneSimulator.Build.0 = Debug|Any CPU
		{5FB6425D-36D6-4EE8-9634-570FAE5CD4A0}.Debug|iPhoneSimulator.Deploy.0 = Debug|Any CPU
		{5FB6425D-36D6-4EE8-9634-570FAE5CD4A0}.Release|Any CPU.ActiveCfg = Release|Any CPU
		{5FB6425D-36D6-4EE8-9634-570FAE5CD4A0}.Release|Any CPU.Build.0 = Release|Any CPU
		{5FB6425D-36D6-4EE8-9634-570FAE5CD4A0}.Release|Any CPU.Deploy.0 = Release|Any CPU
		{5FB6425D-36D6-4EE8-9634-570FAE5CD4A0}.Release|iPhone.ActiveCfg = Release|Any CPU
		{5FB6425D-36D6-4EE8-9634-570FAE5CD4A0}.Release|iPhone.Build.0 = Release|Any CPU
		{5FB6425D-36D6-4EE8-9634-570FAE5CD4A0}.Release|iPhone.Deploy.0 = Release|Any CPU
		{5FB6425D-36D6-4EE8-9634-570FAE5CD4A0}.Release|iPhoneSimulator.ActiveCfg = Release|Any CPU
		{5FB6425D-36D6-4EE8-9634-570FAE5CD4A0}.Release|iPhoneSimulator.Build.0 = Release|Any CPU
		{5FB6425D-36D6-4EE8-9634-570FAE5CD4A0}.Release|iPhoneSimulator.Deploy.0 = Release|Any CPU
		{CC4711F5-FAE9-498D-B26B-C7C2B7087564}.Ad-Hoc|Any CPU.ActiveCfg = Ad-Hoc|iPhone
		{CC4711F5-FAE9-498D-B26B-C7C2B7087564}.Ad-Hoc|iPhone.ActiveCfg = Ad-Hoc|iPhone
		{CC4711F5-FAE9-498D-B26B-C7C2B7087564}.Ad-Hoc|iPhone.Build.0 = Ad-Hoc|iPhone
		{CC4711F5-FAE9-498D-B26B-C7C2B7087564}.Ad-Hoc|iPhoneSimulator.ActiveCfg = Ad-Hoc|iPhoneSimulator
		{CC4711F5-FAE9-498D-B26B-C7C2B7087564}.Ad-Hoc|iPhoneSimulator.Build.0 = Ad-Hoc|iPhoneSimulator
		{CC4711F5-FAE9-498D-B26B-C7C2B7087564}.AppStore|Any CPU.ActiveCfg = AppStore|iPhone
		{CC4711F5-FAE9-498D-B26B-C7C2B7087564}.AppStore|iPhone.ActiveCfg = AppStore|iPhone
		{CC4711F5-FAE9-498D-B26B-C7C2B7087564}.AppStore|iPhone.Build.0 = AppStore|iPhone
		{CC4711F5-FAE9-498D-B26B-C7C2B7087564}.AppStore|iPhoneSimulator.ActiveCfg = AppStore|iPhoneSimulator
		{CC4711F5-FAE9-498D-B26B-C7C2B7087564}.AppStore|iPhoneSimulator.Build.0 = AppStore|iPhoneSimulator
		{CC4711F5-FAE9-498D-B26B-C7C2B7087564}.Debug|Any CPU.ActiveCfg = Debug|iPhone
		{CC4711F5-FAE9-498D-B26B-C7C2B7087564}.Debug|Any CPU.Build.0 = Debug|iPhone
		{CC4711F5-FAE9-498D-B26B-C7C2B7087564}.Debug|Any CPU.Deploy.0 = Debug|iPhone
		{CC4711F5-FAE9-498D-B26B-C7C2B7087564}.Debug|iPhone.ActiveCfg = Debug|iPhone
		{CC4711F5-FAE9-498D-B26B-C7C2B7087564}.Debug|iPhone.Build.0 = Debug|iPhone
		{CC4711F5-FAE9-498D-B26B-C7C2B7087564}.Debug|iPhoneSimulator.ActiveCfg = Debug|iPhoneSimulator
		{CC4711F5-FAE9-498D-B26B-C7C2B7087564}.Debug|iPhoneSimulator.Build.0 = Debug|iPhoneSimulator
		{CC4711F5-FAE9-498D-B26B-C7C2B7087564}.Release|Any CPU.ActiveCfg = Release|iPhone
		{CC4711F5-FAE9-498D-B26B-C7C2B7087564}.Release|iPhone.ActiveCfg = Release|iPhone
		{CC4711F5-FAE9-498D-B26B-C7C2B7087564}.Release|iPhone.Build.0 = Release|iPhone
		{CC4711F5-FAE9-498D-B26B-C7C2B7087564}.Release|iPhoneSimulator.ActiveCfg = Release|iPhoneSimulator
		{CC4711F5-FAE9-498D-B26B-C7C2B7087564}.Release|iPhoneSimulator.Build.0 = Release|iPhoneSimulator
	EndGlobalSection
	GlobalSection(SolutionProperties) = preSolution
		HideSolutionNode = FALSE
	EndGlobalSection
	GlobalSection(ExtensibilityGlobals) = postSolution
		SolutionGuid = {B7D18C45-9431-48B7-9FF5-DB56DEBCCDDF}
	EndGlobalSection
EndGlobal
